// !$*UTF8*$!
{
	archiveVersion = 1;
	classes = {
	};
	objectVersion = 55;
	objects = {

/* Begin PBXBuildFile section */
		5A1341F028129847003A1EEA /* LandmarksApp.swift in Sources */ = {isa = PBXBuildFile; fileRef = 5A1341EF28129847003A1EEA /* LandmarksApp.swift */; };
		5A1341F228129847003A1EEA /* ContentView.swift in Sources */ = {isa = PBXBuildFile; fileRef = 5A1341F128129847003A1EEA /* ContentView.swift */; };
		5A1341F428129848003A1EEA /* Images.xcassets in Resources */ = {isa = PBXBuildFile; fileRef = 5A1341F328129848003A1EEA /* Images.xcassets */; };
		5A1341F728129848003A1EEA /* Preview Assets.xcassets in Resources */ = {isa = PBXBuildFile; fileRef = 5A1341F628129848003A1EEA /* Preview Assets.xcassets */; };
		5A1341FE2812C5C3003A1EEA /* CircleImage.swift in Sources */ = {isa = PBXBuildFile; fileRef = 5A1341FD2812C5C3003A1EEA /* CircleImage.swift */; };
		5A1342022812C88C003A1EEA /* MapView.swift in Sources */ = {isa = PBXBuildFile; fileRef = 5A1342012812C88C003A1EEA /* MapView.swift */; };
		5A1342042812D4BD003A1EEA /* landmarkData.json in Resources */ = {isa = PBXBuildFile; fileRef = 5A1342032812D4BD003A1EEA /* landmarkData.json */; };
		5A1342072812D4F6003A1EEA /* Landmark.swift in Sources */ = {isa = PBXBuildFile; fileRef = 5A1342062812D4F6003A1EEA /* Landmark.swift */; };
		5A1342092812D59D003A1EEA /* ModelData.swift in Sources */ = {isa = PBXBuildFile; fileRef = 5A1342082812D59D003A1EEA /* ModelData.swift */; };
		5A13420B2812D634003A1EEA /* LandmarkRow.swift in Sources */ = {isa = PBXBuildFile; fileRef = 5A13420A2812D634003A1EEA /* LandmarkRow.swift */; };
		5A13420D2812E8ED003A1EEA /* LandmarkList.swift in Sources */ = {isa = PBXBuildFile; fileRef = 5A13420C2812E8ED003A1EEA /* LandmarkList.swift */; };
		5A46B87E281471D0001C3E67 /* FavoriteButton.swift in Sources */ = {isa = PBXBuildFile; fileRef = 5A46B87D281471D0001C3E67 /* FavoriteButton.swift */; };
		5A46B88228147A3D001C3E67 /* HexagonParameters.swift in Sources */ = {isa = PBXBuildFile; fileRef = 5A46B88128147A3D001C3E67 /* HexagonParameters.swift */; };
		5A46B88428147AF8001C3E67 /* BadgeBackground.swift in Sources */ = {isa = PBXBuildFile; fileRef = 5A46B88328147AF8001C3E67 /* BadgeBackground.swift */; };
		5A46B886281522A8001C3E67 /* BadgeSymbol.swift in Sources */ = {isa = PBXBuildFile; fileRef = 5A46B885281522A8001C3E67 /* BadgeSymbol.swift */; };
		5A46B8892815236A001C3E67 /* RotatedBadgeSymbol.swift in Sources */ = {isa = PBXBuildFile; fileRef = 5A46B8882815236A001C3E67 /* RotatedBadgeSymbol.swift */; };
		5A46B88B2815294A001C3E67 /* Badge.swift in Sources */ = {isa = PBXBuildFile; fileRef = 5A46B88A2815294A001C3E67 /* Badge.swift */; };
		5A46B88E2815357D001C3E67 /* hikeData.json in Resources */ = {isa = PBXBuildFile; fileRef = 5A46B88D2815357D001C3E67 /* hikeData.json */; };
		5A46B89028153599001C3E67 /* Hike.swift in Sources */ = {isa = PBXBuildFile; fileRef = 5A46B88F28153599001C3E67 /* Hike.swift */; };
		5A46B89628153610001C3E67 /* GraphCapsule.swift in Sources */ = {isa = PBXBuildFile; fileRef = 5A46B89228153610001C3E67 /* GraphCapsule.swift */; };
		5A46B89728153610001C3E67 /* HikeDetail.swift in Sources */ = {isa = PBXBuildFile; fileRef = 5A46B89328153610001C3E67 /* HikeDetail.swift */; };
		5A46B89828153610001C3E67 /* HikeGraph.swift in Sources */ = {isa = PBXBuildFile; fileRef = 5A46B89428153610001C3E67 /* HikeGraph.swift */; };
		5A46B89928153610001C3E67 /* HikeView.swift in Sources */ = {isa = PBXBuildFile; fileRef = 5A46B89528153610001C3E67 /* HikeView.swift */; };
		5A46B8A128155252001C3E67 /* CategoryHome.swift in Sources */ = {isa = PBXBuildFile; fileRef = 5A46B8A028155252001C3E67 /* CategoryHome.swift */; };
		5A46B8A328155D7F001C3E67 /* CategoryRow.swift in Sources */ = {isa = PBXBuildFile; fileRef = 5A46B8A228155D7F001C3E67 /* CategoryRow.swift */; };
		5A46B8A528155F51001C3E67 /* CategoryItem.swift in Sources */ = {isa = PBXBuildFile; fileRef = 5A46B8A428155F51001C3E67 /* CategoryItem.swift */; };
		5A71F70F2812F23800DC2A5B /* LandmarkDetail.swift in Sources */ = {isa = PBXBuildFile; fileRef = 5A71F70E2812F23800DC2A5B /* LandmarkDetail.swift */; };
		5A9E995328167D5500834E0E /* Profile.swift in Sources */ = {isa = PBXBuildFile; fileRef = 5A9E995228167D5500834E0E /* Profile.swift */; };
		5A9E9956281688D300834E0E /* ProfileHost.swift in Sources */ = {isa = PBXBuildFile; fileRef = 5A9E9955281688D300834E0E /* ProfileHost.swift */; };
		5A9E99582816893200834E0E /* ProfileSummary.swift in Sources */ = {isa = PBXBuildFile; fileRef = 5A9E99572816893200834E0E /* ProfileSummary.swift */; };
		5A9E995A281689E800834E0E /* HikeBadge.swift in Sources */ = {isa = PBXBuildFile; fileRef = 5A9E9959281689E800834E0E /* HikeBadge.swift */; };
		5A9E995C2816963F00834E0E /* ProfileEditor.swift in Sources */ = {isa = PBXBuildFile; fileRef = 5A9E995B2816963F00834E0E /* ProfileEditor.swift */; };
		5A9E995F2816D3ED00834E0E /* PageViewController.swift in Sources */ = {isa = PBXBuildFile; fileRef = 5A9E995E2816D3ED00834E0E /* PageViewController.swift */; };
		5A9E99612816FC7700834E0E /* FeatureCard.swift in Sources */ = {isa = PBXBuildFile; fileRef = 5A9E99602816FC7700834E0E /* FeatureCard.swift */; };
		5A9E99642816FD8600834E0E /* PageView.swift in Sources */ = {isa = PBXBuildFile; fileRef = 5A9E99632816FD8600834E0E /* PageView.swift */; };
		5A9E99662817D71700834E0E /* PageControl.swift in Sources */ = {isa = PBXBuildFile; fileRef = 5A9E99652817D71700834E0E /* PageControl.swift */; };
		5A9E996C2817DF2500834E0E /* Assets.xcassets in Resources */ = {isa = PBXBuildFile; fileRef = 5A9E996B2817DF2500834E0E /* Assets.xcassets */; };
		5A9E99722817DF2500834E0E /* WatchLandmarks WatchKit Extension.appex in Embed App Extensions */ = {isa = PBXBuildFile; fileRef = 5A9E99712817DF2500834E0E /* WatchLandmarks WatchKit Extension.appex */; settings = {ATTRIBUTES = (RemoveHeadersOnCopy, ); }; };
		5A9E99792817DF2500834E0E /* ContentView.swift in Sources */ = {isa = PBXBuildFile; fileRef = 5A9E99782817DF2500834E0E /* ContentView.swift */; };
		5A9E997B2817DF2500834E0E /* NotificationController.swift in Sources */ = {isa = PBXBuildFile; fileRef = 5A9E997A2817DF2500834E0E /* NotificationController.swift */; };
		5A9E997D2817DF2500834E0E /* NotificationView.swift in Sources */ = {isa = PBXBuildFile; fileRef = 5A9E997C2817DF2500834E0E /* NotificationView.swift */; };
		5A9E997F2817DF2500834E0E /* ComplicationController.swift in Sources */ = {isa = PBXBuildFile; fileRef = 5A9E997E2817DF2500834E0E /* ComplicationController.swift */; };
		5A9E99812817DF2600834E0E /* Assets.xcassets in Resources */ = {isa = PBXBuildFile; fileRef = 5A9E99802817DF2600834E0E /* Assets.xcassets */; };
		5A9E99842817DF2600834E0E /* Preview Assets.xcassets in Resources */ = {isa = PBXBuildFile; fileRef = 5A9E99832817DF2600834E0E /* Preview Assets.xcassets */; };
		5A9E99892817DF2600834E0E /* WatchLandmarks.app in Embed Watch Content */ = {isa = PBXBuildFile; fileRef = 5A9E99692817DF2400834E0E /* WatchLandmarks.app */; settings = {ATTRIBUTES = (RemoveHeadersOnCopy, ); }; };
		5A9E99922817E0D300834E0E /* Hike.swift in Sources */ = {isa = PBXBuildFile; fileRef = 5A46B88F28153599001C3E67 /* Hike.swift */; };
		5A9E99932817E0D300834E0E /* landmarkData.json in Resources */ = {isa = PBXBuildFile; fileRef = 5A1342032812D4BD003A1EEA /* landmarkData.json */; };
		5A9E99942817E0D300834E0E /* Landmark.swift in Sources */ = {isa = PBXBuildFile; fileRef = 5A1342062812D4F6003A1EEA /* Landmark.swift */; };
		5A9E99952817E0D300834E0E /* Images.xcassets in Resources */ = {isa = PBXBuildFile; fileRef = 5A1341F328129848003A1EEA /* Images.xcassets */; };
		5A9E99962817E0D300834E0E /* CircleImage.swift in Sources */ = {isa = PBXBuildFile; fileRef = 5A1341FD2812C5C3003A1EEA /* CircleImage.swift */; };
		5A9E99972817E0D300834E0E /* Profile.swift in Sources */ = {isa = PBXBuildFile; fileRef = 5A9E995228167D5500834E0E /* Profile.swift */; };
		5A9E99982817E0D300834E0E /* MapView.swift in Sources */ = {isa = PBXBuildFile; fileRef = 5A1342012812C88C003A1EEA /* MapView.swift */; };
		5A9E99992817E0D300834E0E /* LandmarkRow.swift in Sources */ = {isa = PBXBuildFile; fileRef = 5A13420A2812D634003A1EEA /* LandmarkRow.swift */; };
		5A9E999A2817E0D300834E0E /* LandmarksApp.swift in Sources */ = {isa = PBXBuildFile; fileRef = 5A1341EF28129847003A1EEA /* LandmarksApp.swift */; };
		5A9E999C2817E0D300834E0E /* ModelData.swift in Sources */ = {isa = PBXBuildFile; fileRef = 5A1342082812D59D003A1EEA /* ModelData.swift */; };
		5A9E999D2817E0D300834E0E /* hikeData.json in Resources */ = {isa = PBXBuildFile; fileRef = 5A46B88D2815357D001C3E67 /* hikeData.json */; };
		5A9E99A02817E19E00834E0E /* LandmarkDetail.swift in Sources */ = {isa = PBXBuildFile; fileRef = 5A9E999F2817E19E00834E0E /* LandmarkDetail.swift */; };
		5AEA818428182C3D009055F4 /* ContentView.swift in Sources */ = {isa = PBXBuildFile; fileRef = 5AEA818328182C3D009055F4 /* ContentView.swift */; };
		5AEA818628182C3E009055F4 /* Images.xcassets in Resources */ = {isa = PBXBuildFile; fileRef = 5AEA818528182C3E009055F4 /* Images.xcassets */; };
		5AEA818928182C3E009055F4 /* Preview Assets.xcassets in Resources */ = {isa = PBXBuildFile; fileRef = 5AEA818828182C3E009055F4 /* Preview Assets.xcassets */; };
		5AEA81B228182E00009055F4 /* LandmarksApp.swift in Sources */ = {isa = PBXBuildFile; fileRef = 5A1341EF28129847003A1EEA /* LandmarksApp.swift */; };
		5AEA81B328182E3F009055F4 /* ModelData.swift in Sources */ = {isa = PBXBuildFile; fileRef = 5A1342082812D59D003A1EEA /* ModelData.swift */; };
		5AEA81B428182E3F009055F4 /* LandmarkRow.swift in Sources */ = {isa = PBXBuildFile; fileRef = 5A13420A2812D634003A1EEA /* LandmarkRow.swift */; };
		5AEA81B528182E3F009055F4 /* Profile.swift in Sources */ = {isa = PBXBuildFile; fileRef = 5A9E995228167D5500834E0E /* Profile.swift */; };
		5AEA81B628182E3F009055F4 /* CircleImage.swift in Sources */ = {isa = PBXBuildFile; fileRef = 5A1341FD2812C5C3003A1EEA /* CircleImage.swift */; };
		5AEA81B728182E3F009055F4 /* Landmark.swift in Sources */ = {isa = PBXBuildFile; fileRef = 5A1342062812D4F6003A1EEA /* Landmark.swift */; };
		5AEA81B828182E3F009055F4 /* FavoriteButton.swift in Sources */ = {isa = PBXBuildFile; fileRef = 5A46B87D281471D0001C3E67 /* FavoriteButton.swift */; };
		5AEA81B928182E3F009055F4 /* MapView.swift in Sources */ = {isa = PBXBuildFile; fileRef = 5A1342012812C88C003A1EEA /* MapView.swift */; };
		5AEA81BA28182E3F009055F4 /* Hike.swift in Sources */ = {isa = PBXBuildFile; fileRef = 5A46B88F28153599001C3E67 /* Hike.swift */; };
		5AEA81BB28182E3F009055F4 /* LandmarkList.swift in Sources */ = {isa = PBXBuildFile; fileRef = 5A13420C2812E8ED003A1EEA /* LandmarkList.swift */; };
		5AEA81BC28182E5A009055F4 /* landmarkData.json in Resources */ = {isa = PBXBuildFile; fileRef = 5A1342032812D4BD003A1EEA /* landmarkData.json */; };
		5AEA81BD28182E5A009055F4 /* Images.xcassets in Resources */ = {isa = PBXBuildFile; fileRef = 5A1341F328129848003A1EEA /* Images.xcassets */; };
		5AEA81BE28182E5A009055F4 /* hikeData.json in Resources */ = {isa = PBXBuildFile; fileRef = 5A46B88D2815357D001C3E67 /* hikeData.json */; };
		5AEA81C5281836D1009055F4 /* LandmarkDetail.swift in Sources */ = {isa = PBXBuildFile; fileRef = 5AEA81C128182F73009055F4 /* LandmarkDetail.swift */; };
		5AEA81C7281847E5009055F4 /* DeviceInfo.swift in Sources */ = {isa = PBXBuildFile; fileRef = 5AEA81C6281847E5009055F4 /* DeviceInfo.swift */; };
		5AEA81C828184A2A009055F4 /* DeviceInfo.swift in Sources */ = {isa = PBXBuildFile; fileRef = 5AEA81C6281847E5009055F4 /* DeviceInfo.swift */; };
		5AEA81C928184A30009055F4 /* DeviceInfo.swift in Sources */ = {isa = PBXBuildFile; fileRef = 5AEA81C6281847E5009055F4 /* DeviceInfo.swift */; };
		5AEA81E628185B88009055F4 /* LandmarkList.swift in Sources */ = {isa = PBXBuildFile; fileRef = 5A13420C2812E8ED003A1EEA /* LandmarkList.swift */; };
		5AEA81E828185C3F009055F4 /* SwiftUiExtension.framework in Frameworks */ = {isa = PBXBuildFile; fileRef = 5AEA81E728185C3F009055F4 /* SwiftUiExtension.framework */; };
		5AEA81E928185C3F009055F4 /* SwiftUiExtension.framework in Embed Frameworks */ = {isa = PBXBuildFile; fileRef = 5AEA81E728185C3F009055F4 /* SwiftUiExtension.framework */; settings = {ATTRIBUTES = (CodeSignOnCopy, RemoveHeadersOnCopy, ); }; };
		5AEA81EB28185C45009055F4 /* SwiftUiExtension.framework in Frameworks */ = {isa = PBXBuildFile; fileRef = 5AEA81EA28185C45009055F4 /* SwiftUiExtension.framework */; };
		5AEA81EC28185C45009055F4 /* SwiftUiExtension.framework in Embed Frameworks */ = {isa = PBXBuildFile; fileRef = 5AEA81EA28185C45009055F4 /* SwiftUiExtension.framework */; settings = {ATTRIBUTES = (CodeSignOnCopy, RemoveHeadersOnCopy, ); }; };
		5AEA81EE28185C50009055F4 /* SwiftUiExtension.framework in Frameworks */ = {isa = PBXBuildFile; fileRef = 5AEA81ED28185C50009055F4 /* SwiftUiExtension.framework */; };
		5AEA81EF28185C50009055F4 /* SwiftUiExtension.framework in Embed Frameworks */ = {isa = PBXBuildFile; fileRef = 5AEA81ED28185C50009055F4 /* SwiftUiExtension.framework */; settings = {ATTRIBUTES = (CodeSignOnCopy, RemoveHeadersOnCopy, ); }; };
/* End PBXBuildFile section */

/* Begin PBXContainerItemProxy section */
		5A9E99732817DF2500834E0E /* PBXContainerItemProxy */ = {
			isa = PBXContainerItemProxy;
			containerPortal = 5A1341E428129847003A1EEA /* Project object */;
			proxyType = 1;
			remoteGlobalIDString = 5A9E99702817DF2500834E0E;
			remoteInfo = "WatchLandmarks WatchKit Extension";
		};
		5A9E99872817DF2600834E0E /* PBXContainerItemProxy */ = {
			isa = PBXContainerItemProxy;
			containerPortal = 5A1341E428129847003A1EEA /* Project object */;
			proxyType = 1;
			remoteGlobalIDString = 5A9E99682817DF2400834E0E;
			remoteInfo = WatchLandmarks;
		};
/* End PBXContainerItemProxy section */

/* Begin PBXCopyFilesBuildPhase section */
		5A9E998D2817DF2600834E0E /* Embed App Extensions */ = {
			isa = PBXCopyFilesBuildPhase;
			buildActionMask = 2147483647;
			dstPath = "";
			dstSubfolderSpec = 13;
			files = (
				5A9E99722817DF2500834E0E /* WatchLandmarks WatchKit Extension.appex in Embed App Extensions */,
			);
			name = "Embed App Extensions";
			runOnlyForDeploymentPostprocessing = 0;
		};
		5A9E99912817DF2600834E0E /* Embed Watch Content */ = {
			isa = PBXCopyFilesBuildPhase;
			buildActionMask = 2147483647;
			dstPath = "$(CONTENTS_FOLDER_PATH)/Watch";
			dstSubfolderSpec = 16;
			files = (
				5A9E99892817DF2600834E0E /* WatchLandmarks.app in Embed Watch Content */,
			);
			name = "Embed Watch Content";
			runOnlyForDeploymentPostprocessing = 0;
		};
		5A9E99E62817F79B00834E0E /* Embed Frameworks */ = {
			isa = PBXCopyFilesBuildPhase;
			buildActionMask = 2147483647;
			dstPath = "";
			dstSubfolderSpec = 10;
			files = (
			);
			name = "Embed Frameworks";
			runOnlyForDeploymentPostprocessing = 0;
		};
		5AEA81DD28185AEF009055F4 /* Embed Frameworks */ = {
			isa = PBXCopyFilesBuildPhase;
			buildActionMask = 2147483647;
			dstPath = "";
			dstSubfolderSpec = 10;
			files = (
				5AEA81EC28185C45009055F4 /* SwiftUiExtension.framework in Embed Frameworks */,
			);
			name = "Embed Frameworks";
			runOnlyForDeploymentPostprocessing = 0;
		};
		5AEA81E128185B49009055F4 /* Embed Frameworks */ = {
			isa = PBXCopyFilesBuildPhase;
			buildActionMask = 2147483647;
			dstPath = "";
			dstSubfolderSpec = 10;
			files = (
				5AEA81E928185C3F009055F4 /* SwiftUiExtension.framework in Embed Frameworks */,
			);
			name = "Embed Frameworks";
			runOnlyForDeploymentPostprocessing = 0;
		};
		5AEA81E528185B74009055F4 /* Embed Frameworks */ = {
			isa = PBXCopyFilesBuildPhase;
			buildActionMask = 2147483647;
			dstPath = "";
			dstSubfolderSpec = 10;
			files = (
				5AEA81EF28185C50009055F4 /* SwiftUiExtension.framework in Embed Frameworks */,
			);
			name = "Embed Frameworks";
			runOnlyForDeploymentPostprocessing = 0;
		};
/* End PBXCopyFilesBuildPhase section */

/* Begin PBXFileReference section */
		5A1341EC28129847003A1EEA /* Landmarks.app */ = {isa = PBXFileReference; explicitFileType = wrapper.application; includeInIndex = 0; path = Landmarks.app; sourceTree = BUILT_PRODUCTS_DIR; };
		5A1341EF28129847003A1EEA /* LandmarksApp.swift */ = {isa = PBXFileReference; lastKnownFileType = sourcecode.swift; path = LandmarksApp.swift; sourceTree = "<group>"; };
		5A1341F128129847003A1EEA /* ContentView.swift */ = {isa = PBXFileReference; lastKnownFileType = sourcecode.swift; path = ContentView.swift; sourceTree = "<group>"; };
		5A1341F328129848003A1EEA /* Images.xcassets */ = {isa = PBXFileReference; lastKnownFileType = folder.assetcatalog; path = Images.xcassets; sourceTree = "<group>"; };
		5A1341F628129848003A1EEA /* Preview Assets.xcassets */ = {isa = PBXFileReference; lastKnownFileType = folder.assetcatalog; path = "Preview Assets.xcassets"; sourceTree = "<group>"; };
		5A1341FD2812C5C3003A1EEA /* CircleImage.swift */ = {isa = PBXFileReference; lastKnownFileType = sourcecode.swift; path = CircleImage.swift; sourceTree = "<group>"; };
		5A1342012812C88C003A1EEA /* MapView.swift */ = {isa = PBXFileReference; lastKnownFileType = sourcecode.swift; path = MapView.swift; sourceTree = "<group>"; };
		5A1342032812D4BD003A1EEA /* landmarkData.json */ = {isa = PBXFileReference; fileEncoding = 4; lastKnownFileType = text.json; path = landmarkData.json; sourceTree = "<group>"; };
		5A1342062812D4F6003A1EEA /* Landmark.swift */ = {isa = PBXFileReference; lastKnownFileType = sourcecode.swift; path = Landmark.swift; sourceTree = "<group>"; };
		5A1342082812D59D003A1EEA /* ModelData.swift */ = {isa = PBXFileReference; lastKnownFileType = sourcecode.swift; path = ModelData.swift; sourceTree = "<group>"; };
		5A13420A2812D634003A1EEA /* LandmarkRow.swift */ = {isa = PBXFileReference; lastKnownFileType = sourcecode.swift; path = LandmarkRow.swift; sourceTree = "<group>"; };
		5A13420C2812E8ED003A1EEA /* LandmarkList.swift */ = {isa = PBXFileReference; lastKnownFileType = sourcecode.swift; path = LandmarkList.swift; sourceTree = "<group>"; };
		5A46B87D281471D0001C3E67 /* FavoriteButton.swift */ = {isa = PBXFileReference; lastKnownFileType = sourcecode.swift; path = FavoriteButton.swift; sourceTree = "<group>"; };
		5A46B88128147A3D001C3E67 /* HexagonParameters.swift */ = {isa = PBXFileReference; lastKnownFileType = sourcecode.swift; path = HexagonParameters.swift; sourceTree = "<group>"; };
		5A46B88328147AF8001C3E67 /* BadgeBackground.swift */ = {isa = PBXFileReference; lastKnownFileType = sourcecode.swift; path = BadgeBackground.swift; sourceTree = "<group>"; };
		5A46B885281522A8001C3E67 /* BadgeSymbol.swift */ = {isa = PBXFileReference; lastKnownFileType = sourcecode.swift; path = BadgeSymbol.swift; sourceTree = "<group>"; };
		5A46B8882815236A001C3E67 /* RotatedBadgeSymbol.swift */ = {isa = PBXFileReference; lastKnownFileType = sourcecode.swift; path = RotatedBadgeSymbol.swift; sourceTree = "<group>"; };
		5A46B88A2815294A001C3E67 /* Badge.swift */ = {isa = PBXFileReference; lastKnownFileType = sourcecode.swift; path = Badge.swift; sourceTree = "<group>"; };
		5A46B88D2815357D001C3E67 /* hikeData.json */ = {isa = PBXFileReference; fileEncoding = 4; lastKnownFileType = text.json; path = hikeData.json; sourceTree = "<group>"; };
		5A46B88F28153599001C3E67 /* Hike.swift */ = {isa = PBXFileReference; lastKnownFileType = sourcecode.swift; path = Hike.swift; sourceTree = "<group>"; };
		5A46B89228153610001C3E67 /* GraphCapsule.swift */ = {isa = PBXFileReference; fileEncoding = 4; lastKnownFileType = sourcecode.swift; path = GraphCapsule.swift; sourceTree = "<group>"; };
		5A46B89328153610001C3E67 /* HikeDetail.swift */ = {isa = PBXFileReference; fileEncoding = 4; lastKnownFileType = sourcecode.swift; path = HikeDetail.swift; sourceTree = "<group>"; };
		5A46B89428153610001C3E67 /* HikeGraph.swift */ = {isa = PBXFileReference; fileEncoding = 4; lastKnownFileType = sourcecode.swift; path = HikeGraph.swift; sourceTree = "<group>"; };
		5A46B89528153610001C3E67 /* HikeView.swift */ = {isa = PBXFileReference; fileEncoding = 4; lastKnownFileType = sourcecode.swift; path = HikeView.swift; sourceTree = "<group>"; };
		5A46B8A028155252001C3E67 /* CategoryHome.swift */ = {isa = PBXFileReference; lastKnownFileType = sourcecode.swift; path = CategoryHome.swift; sourceTree = "<group>"; };
		5A46B8A228155D7F001C3E67 /* CategoryRow.swift */ = {isa = PBXFileReference; lastKnownFileType = sourcecode.swift; path = CategoryRow.swift; sourceTree = "<group>"; };
		5A46B8A428155F51001C3E67 /* CategoryItem.swift */ = {isa = PBXFileReference; lastKnownFileType = sourcecode.swift; path = CategoryItem.swift; sourceTree = "<group>"; };
		5A71F70E2812F23800DC2A5B /* LandmarkDetail.swift */ = {isa = PBXFileReference; lastKnownFileType = sourcecode.swift; path = LandmarkDetail.swift; sourceTree = "<group>"; };
		5A9E995228167D5500834E0E /* Profile.swift */ = {isa = PBXFileReference; lastKnownFileType = sourcecode.swift; path = Profile.swift; sourceTree = "<group>"; };
		5A9E9955281688D300834E0E /* ProfileHost.swift */ = {isa = PBXFileReference; lastKnownFileType = sourcecode.swift; path = ProfileHost.swift; sourceTree = "<group>"; };
		5A9E99572816893200834E0E /* ProfileSummary.swift */ = {isa = PBXFileReference; lastKnownFileType = sourcecode.swift; path = ProfileSummary.swift; sourceTree = "<group>"; };
		5A9E9959281689E800834E0E /* HikeBadge.swift */ = {isa = PBXFileReference; lastKnownFileType = sourcecode.swift; path = HikeBadge.swift; sourceTree = "<group>"; };
		5A9E995B2816963F00834E0E /* ProfileEditor.swift */ = {isa = PBXFileReference; lastKnownFileType = sourcecode.swift; path = ProfileEditor.swift; sourceTree = "<group>"; };
		5A9E995E2816D3ED00834E0E /* PageViewController.swift */ = {isa = PBXFileReference; lastKnownFileType = sourcecode.swift; path = PageViewController.swift; sourceTree = "<group>"; };
		5A9E99602816FC7700834E0E /* FeatureCard.swift */ = {isa = PBXFileReference; lastKnownFileType = sourcecode.swift; path = FeatureCard.swift; sourceTree = "<group>"; };
		5A9E99632816FD8600834E0E /* PageView.swift */ = {isa = PBXFileReference; lastKnownFileType = sourcecode.swift; path = PageView.swift; sourceTree = "<group>"; };
		5A9E99652817D71700834E0E /* PageControl.swift */ = {isa = PBXFileReference; lastKnownFileType = sourcecode.swift; path = PageControl.swift; sourceTree = "<group>"; };
		5A9E99692817DF2400834E0E /* WatchLandmarks.app */ = {isa = PBXFileReference; explicitFileType = wrapper.application; includeInIndex = 0; path = WatchLandmarks.app; sourceTree = BUILT_PRODUCTS_DIR; };
		5A9E996B2817DF2500834E0E /* Assets.xcassets */ = {isa = PBXFileReference; lastKnownFileType = folder.assetcatalog; path = Assets.xcassets; sourceTree = "<group>"; };
		5A9E99712817DF2500834E0E /* WatchLandmarks WatchKit Extension.appex */ = {isa = PBXFileReference; explicitFileType = "wrapper.app-extension"; includeInIndex = 0; path = "WatchLandmarks WatchKit Extension.appex"; sourceTree = BUILT_PRODUCTS_DIR; };
		5A9E99782817DF2500834E0E /* ContentView.swift */ = {isa = PBXFileReference; lastKnownFileType = sourcecode.swift; path = ContentView.swift; sourceTree = "<group>"; };
		5A9E997A2817DF2500834E0E /* NotificationController.swift */ = {isa = PBXFileReference; lastKnownFileType = sourcecode.swift; path = NotificationController.swift; sourceTree = "<group>"; };
		5A9E997C2817DF2500834E0E /* NotificationView.swift */ = {isa = PBXFileReference; lastKnownFileType = sourcecode.swift; path = NotificationView.swift; sourceTree = "<group>"; };
		5A9E997E2817DF2500834E0E /* ComplicationController.swift */ = {isa = PBXFileReference; lastKnownFileType = sourcecode.swift; path = ComplicationController.swift; sourceTree = "<group>"; };
		5A9E99802817DF2600834E0E /* Assets.xcassets */ = {isa = PBXFileReference; lastKnownFileType = folder.assetcatalog; path = Assets.xcassets; sourceTree = "<group>"; };
		5A9E99832817DF2600834E0E /* Preview Assets.xcassets */ = {isa = PBXFileReference; lastKnownFileType = folder.assetcatalog; path = "Preview Assets.xcassets"; sourceTree = "<group>"; };
		5A9E99852817DF2600834E0E /* Info.plist */ = {isa = PBXFileReference; lastKnownFileType = text.plist.xml; path = Info.plist; sourceTree = "<group>"; };
		5A9E99862817DF2600834E0E /* PushNotificationPayload.apns */ = {isa = PBXFileReference; lastKnownFileType = text; path = PushNotificationPayload.apns; sourceTree = "<group>"; };
		5A9E999F2817E19E00834E0E /* LandmarkDetail.swift */ = {isa = PBXFileReference; lastKnownFileType = sourcecode.swift; path = LandmarkDetail.swift; sourceTree = "<group>"; };
		5AEA817F28182C3D009055F4 /* MacLandmarks.app */ = {isa = PBXFileReference; explicitFileType = wrapper.application; includeInIndex = 0; path = MacLandmarks.app; sourceTree = BUILT_PRODUCTS_DIR; };
		5AEA818328182C3D009055F4 /* ContentView.swift */ = {isa = PBXFileReference; lastKnownFileType = sourcecode.swift; path = ContentView.swift; sourceTree = "<group>"; };
		5AEA818528182C3E009055F4 /* Images.xcassets */ = {isa = PBXFileReference; lastKnownFileType = folder.assetcatalog; path = Images.xcassets; sourceTree = "<group>"; };
		5AEA818828182C3E009055F4 /* Preview Assets.xcassets */ = {isa = PBXFileReference; lastKnownFileType = folder.assetcatalog; path = "Preview Assets.xcassets"; sourceTree = "<group>"; };
		5AEA818A28182C3E009055F4 /* MacLandmarks.entitlements */ = {isa = PBXFileReference; lastKnownFileType = text.plist.entitlements; path = MacLandmarks.entitlements; sourceTree = "<group>"; };
		5AEA81C128182F73009055F4 /* LandmarkDetail.swift */ = {isa = PBXFileReference; fileEncoding = 4; lastKnownFileType = sourcecode.swift; path = LandmarkDetail.swift; sourceTree = "<group>"; };
		5AEA81C6281847E5009055F4 /* DeviceInfo.swift */ = {isa = PBXFileReference; lastKnownFileType = sourcecode.swift; path = DeviceInfo.swift; sourceTree = "<group>"; };
		5AEA81E728185C3F009055F4 /* SwiftUiExtension.framework */ = {isa = PBXFileReference; explicitFileType = wrapper.framework; path = SwiftUiExtension.framework; sourceTree = BUILT_PRODUCTS_DIR; };
		5AEA81EA28185C45009055F4 /* SwiftUiExtension.framework */ = {isa = PBXFileReference; explicitFileType = wrapper.framework; path = SwiftUiExtension.framework; sourceTree = BUILT_PRODUCTS_DIR; };
		5AEA81ED28185C50009055F4 /* SwiftUiExtension.framework */ = {isa = PBXFileReference; explicitFileType = wrapper.framework; path = SwiftUiExtension.framework; sourceTree = BUILT_PRODUCTS_DIR; };
/* End PBXFileReference section */

/* Begin PBXFrameworksBuildPhase section */
		5A1341E928129847003A1EEA /* Frameworks */ = {
			isa = PBXFrameworksBuildPhase;
			buildActionMask = 2147483647;
			files = (
				5AEA81E828185C3F009055F4 /* SwiftUiExtension.framework in Frameworks */,
			);
			runOnlyForDeploymentPostprocessing = 0;
		};
		5A9E996E2817DF2500834E0E /* Frameworks */ = {
			isa = PBXFrameworksBuildPhase;
			buildActionMask = 2147483647;
			files = (
				5AEA81EE28185C50009055F4 /* SwiftUiExtension.framework in Frameworks */,
			);
			runOnlyForDeploymentPostprocessing = 0;
		};
		5A9E99E52817F79B00834E0E /* Frameworks */ = {
			isa = PBXFrameworksBuildPhase;
			buildActionMask = 2147483647;
			files = (
			);
			runOnlyForDeploymentPostprocessing = 0;
		};
		5AEA817C28182C3D009055F4 /* Frameworks */ = {
			isa = PBXFrameworksBuildPhase;
			buildActionMask = 2147483647;
			files = (
				5AEA81EB28185C45009055F4 /* SwiftUiExtension.framework in Frameworks */,
			);
			runOnlyForDeploymentPostprocessing = 0;
		};
/* End PBXFrameworksBuildPhase section */

/* Begin PBXGroup section */
		5A1341E328129847003A1EEA = {
			isa = PBXGroup;
			children = (
				5A1341EE28129847003A1EEA /* Landmarks */,
				5A9E996A2817DF2400834E0E /* WatchLandmarks */,
				5A9E99752817DF2500834E0E /* WatchLandmarks WatchKit Extension */,
				5AEA818028182C3D009055F4 /* MacLandmarks */,
				5A1341ED28129847003A1EEA /* Products */,
				5A9E99D42817F12B00834E0E /* Frameworks */,
			);
			sourceTree = "<group>";
		};
		5A1341ED28129847003A1EEA /* Products */ = {
			isa = PBXGroup;
			children = (
				5A1341EC28129847003A1EEA /* Landmarks.app */,
				5A9E99692817DF2400834E0E /* WatchLandmarks.app */,
				5A9E99712817DF2500834E0E /* WatchLandmarks WatchKit Extension.appex */,
				5AEA817F28182C3D009055F4 /* MacLandmarks.app */,
			);
			name = Products;
			sourceTree = "<group>";
		};
		5A1341EE28129847003A1EEA /* Landmarks */ = {
			isa = PBXGroup;
			children = (
				5AEA81D028185236009055F4 /* SupportingFIles */,
				5A9E995D2816D3DC00834E0E /* Other */,
				5A46B89A28153A0B001C3E67 /* Extensions */,
				5A1342052812D4EA003A1EEA /* Models */,
				5A1342002812C606003A1EEA /* Views */,
				5A1341FF2812C5D9003A1EEA /* Resources */,
				5A1341EF28129847003A1EEA /* LandmarksApp.swift */,
				5A1341F528129848003A1EEA /* Preview Content */,
			);
			path = Landmarks;
			sourceTree = "<group>";
		};
		5A1341F528129848003A1EEA /* Preview Content */ = {
			isa = PBXGroup;
			children = (
				5A1341F628129848003A1EEA /* Preview Assets.xcassets */,
			);
			path = "Preview Content";
			sourceTree = "<group>";
		};
		5A1341FF2812C5D9003A1EEA /* Resources */ = {
			isa = PBXGroup;
			children = (
				5A46B88C28153570001C3E67 /* Jsons */,
				5A1341F328129848003A1EEA /* Images.xcassets */,
			);
			path = Resources;
			sourceTree = "<group>";
		};
		5A1342002812C606003A1EEA /* Views */ = {
			isa = PBXGroup;
			children = (
				5A9E99622816FD7A00834E0E /* FeaturesCard */,
				5A9E9954281688C400834E0E /* Profiles */,
				5A46B89F28155245001C3E67 /* Categories */,
				5A46B89128153610001C3E67 /* Hikes */,
				5A46B88728152355001C3E67 /* Badges */,
				5A46B880281473A5001C3E67 /* Components */,
				5A46B87F28147395001C3E67 /* Landmarks */,
				5A1341F128129847003A1EEA /* ContentView.swift */,
			);
			path = Views;
			sourceTree = "<group>";
		};
		5A1342052812D4EA003A1EEA /* Models */ = {
			isa = PBXGroup;
			children = (
				5A1342062812D4F6003A1EEA /* Landmark.swift */,
				5A1342082812D59D003A1EEA /* ModelData.swift */,
				5A46B88128147A3D001C3E67 /* HexagonParameters.swift */,
				5A46B88F28153599001C3E67 /* Hike.swift */,
				5A9E995228167D5500834E0E /* Profile.swift */,
			);
			path = Models;
			sourceTree = "<group>";
		};
		5A46B87F28147395001C3E67 /* Landmarks */ = {
			isa = PBXGroup;
			children = (
				5A13420A2812D634003A1EEA /* LandmarkRow.swift */,
				5A13420C2812E8ED003A1EEA /* LandmarkList.swift */,
				5A71F70E2812F23800DC2A5B /* LandmarkDetail.swift */,
			);
			path = Landmarks;
			sourceTree = "<group>";
		};
		5A46B880281473A5001C3E67 /* Components */ = {
			isa = PBXGroup;
			children = (
				5A1341FD2812C5C3003A1EEA /* CircleImage.swift */,
				5A1342012812C88C003A1EEA /* MapView.swift */,
				5A46B87D281471D0001C3E67 /* FavoriteButton.swift */,
			);
			path = Components;
			sourceTree = "<group>";
		};
		5A46B88728152355001C3E67 /* Badges */ = {
			isa = PBXGroup;
			children = (
				5A46B885281522A8001C3E67 /* BadgeSymbol.swift */,
				5A46B88328147AF8001C3E67 /* BadgeBackground.swift */,
				5A46B8882815236A001C3E67 /* RotatedBadgeSymbol.swift */,
				5A46B88A2815294A001C3E67 /* Badge.swift */,
			);
			path = Badges;
			sourceTree = "<group>";
		};
		5A46B88C28153570001C3E67 /* Jsons */ = {
			isa = PBXGroup;
			children = (
				5A46B88D2815357D001C3E67 /* hikeData.json */,
				5A1342032812D4BD003A1EEA /* landmarkData.json */,
			);
			path = Jsons;
			sourceTree = "<group>";
		};
		5A46B89128153610001C3E67 /* Hikes */ = {
			isa = PBXGroup;
			children = (
				5A46B89228153610001C3E67 /* GraphCapsule.swift */,
				5A46B89328153610001C3E67 /* HikeDetail.swift */,
				5A46B89428153610001C3E67 /* HikeGraph.swift */,
				5A46B89528153610001C3E67 /* HikeView.swift */,
				5A9E9959281689E800834E0E /* HikeBadge.swift */,
			);
			path = Hikes;
			sourceTree = "<group>";
		};
		5A46B89A28153A0B001C3E67 /* Extensions */ = {
			isa = PBXGroup;
			children = (
				5AEA81C6281847E5009055F4 /* DeviceInfo.swift */,
			);
			path = Extensions;
			sourceTree = "<group>";
		};
		5A46B89F28155245001C3E67 /* Categories */ = {
			isa = PBXGroup;
			children = (
				5A46B8A028155252001C3E67 /* CategoryHome.swift */,
				5A46B8A228155D7F001C3E67 /* CategoryRow.swift */,
				5A46B8A428155F51001C3E67 /* CategoryItem.swift */,
			);
			path = Categories;
			sourceTree = "<group>";
		};
		5A9E9954281688C400834E0E /* Profiles */ = {
			isa = PBXGroup;
			children = (
				5A9E9955281688D300834E0E /* ProfileHost.swift */,
				5A9E99572816893200834E0E /* ProfileSummary.swift */,
				5A9E995B2816963F00834E0E /* ProfileEditor.swift */,
			);
			path = Profiles;
			sourceTree = "<group>";
		};
		5A9E995D2816D3DC00834E0E /* Other */ = {
			isa = PBXGroup;
			children = (
			);
			path = Other;
			sourceTree = "<group>";
		};
		5A9E99622816FD7A00834E0E /* FeaturesCard */ = {
			isa = PBXGroup;
			children = (
				5A9E995E2816D3ED00834E0E /* PageViewController.swift */,
				5A9E99602816FC7700834E0E /* FeatureCard.swift */,
				5A9E99632816FD8600834E0E /* PageView.swift */,
				5A9E99652817D71700834E0E /* PageControl.swift */,
			);
			path = FeaturesCard;
			sourceTree = "<group>";
		};
		5A9E996A2817DF2400834E0E /* WatchLandmarks */ = {
			isa = PBXGroup;
			children = (
				5A9E996B2817DF2500834E0E /* Assets.xcassets */,
			);
			path = WatchLandmarks;
			sourceTree = "<group>";
		};
		5A9E99752817DF2500834E0E /* WatchLandmarks WatchKit Extension */ = {
			isa = PBXGroup;
			children = (
				5AEA817A281826A2009055F4 /* Notification */,
				5A9E999E2817E19500834E0E /* Views */,
				5A9E99782817DF2500834E0E /* ContentView.swift */,
				5A9E997E2817DF2500834E0E /* ComplicationController.swift */,
				5A9E99802817DF2600834E0E /* Assets.xcassets */,
				5A9E99852817DF2600834E0E /* Info.plist */,
				5A9E99862817DF2600834E0E /* PushNotificationPayload.apns */,
				5A9E99822817DF2600834E0E /* Preview Content */,
			);
			path = "WatchLandmarks WatchKit Extension";
			sourceTree = "<group>";
		};
		5A9E99822817DF2600834E0E /* Preview Content */ = {
			isa = PBXGroup;
			children = (
				5A9E99832817DF2600834E0E /* Preview Assets.xcassets */,
			);
			path = "Preview Content";
			sourceTree = "<group>";
		};
		5A9E999E2817E19500834E0E /* Views */ = {
			isa = PBXGroup;
			children = (
				5A9E999F2817E19E00834E0E /* LandmarkDetail.swift */,
			);
			path = Views;
			sourceTree = "<group>";
		};
		5A9E99D42817F12B00834E0E /* Frameworks */ = {
			isa = PBXGroup;
			children = (
				5AEA81ED28185C50009055F4 /* SwiftUiExtension.framework */,
				5AEA81EA28185C45009055F4 /* SwiftUiExtension.framework */,
				5AEA81E728185C3F009055F4 /* SwiftUiExtension.framework */,
			);
			name = Frameworks;
			sourceTree = "<group>";
		};
		5AEA817A281826A2009055F4 /* Notification */ = {
			isa = PBXGroup;
			children = (
				5A9E997A2817DF2500834E0E /* NotificationController.swift */,
				5A9E997C2817DF2500834E0E /* NotificationView.swift */,
			);
			path = Notification;
			sourceTree = "<group>";
		};
		5AEA818028182C3D009055F4 /* MacLandmarks */ = {
			isa = PBXGroup;
			children = (
				5AEA81C028182EA8009055F4 /* Views */,
				5AEA81BF28182E72009055F4 /* Resources */,
				5AEA818A28182C3E009055F4 /* MacLandmarks.entitlements */,
				5AEA818728182C3E009055F4 /* Preview Content */,
			);
			path = MacLandmarks;
			sourceTree = "<group>";
		};
		5AEA818728182C3E009055F4 /* Preview Content */ = {
			isa = PBXGroup;
			children = (
				5AEA818828182C3E009055F4 /* Preview Assets.xcassets */,
			);
			path = "Preview Content";
			sourceTree = "<group>";
		};
		5AEA81BF28182E72009055F4 /* Resources */ = {
			isa = PBXGroup;
			children = (
				5AEA818528182C3E009055F4 /* Images.xcassets */,
			);
			path = Resources;
			sourceTree = "<group>";
		};
		5AEA81C028182EA8009055F4 /* Views */ = {
			isa = PBXGroup;
			children = (
				5AEA81C128182F73009055F4 /* LandmarkDetail.swift */,
				5AEA818328182C3D009055F4 /* ContentView.swift */,
			);
			path = Views;
			sourceTree = "<group>";
		};
		5AEA81D028185236009055F4 /* SupportingFIles */ = {
			isa = PBXGroup;
			children = (
			);
			path = SupportingFIles;
			sourceTree = "<group>";
		};
/* End PBXGroup section */

/* Begin PBXNativeTarget section */
		5A1341EB28129847003A1EEA /* Landmarks */ = {
			isa = PBXNativeTarget;
			buildConfigurationList = 5A1341FA28129848003A1EEA /* Build configuration list for PBXNativeTarget "Landmarks" */;
			buildPhases = (
				5A1341E828129847003A1EEA /* Sources */,
				5A1341E928129847003A1EEA /* Frameworks */,
				5A1341EA28129847003A1EEA /* Resources */,
				5A9E99912817DF2600834E0E /* Embed Watch Content */,
				5AEA81E128185B49009055F4 /* Embed Frameworks */,
			);
			buildRules = (
			);
			dependencies = (
				5A9E99882817DF2600834E0E /* PBXTargetDependency */,
			);
			name = Landmarks;
			productName = Landmarks;
			productReference = 5A1341EC28129847003A1EEA /* Landmarks.app */;
			productType = "com.apple.product-type.application";
		};
		5A9E99682817DF2400834E0E /* WatchLandmarks */ = {
			isa = PBXNativeTarget;
			buildConfigurationList = 5A9E998E2817DF2600834E0E /* Build configuration list for PBXNativeTarget "WatchLandmarks" */;
			buildPhases = (
				5A9E99672817DF2400834E0E /* Resources */,
				5A9E998D2817DF2600834E0E /* Embed App Extensions */,
				5A9E99E52817F79B00834E0E /* Frameworks */,
				5A9E99E62817F79B00834E0E /* Embed Frameworks */,
			);
			buildRules = (
			);
			dependencies = (
				5A9E99742817DF2500834E0E /* PBXTargetDependency */,
			);
			name = WatchLandmarks;
			productName = WatchLandmarks;
			productReference = 5A9E99692817DF2400834E0E /* WatchLandmarks.app */;
			productType = "com.apple.product-type.application.watchapp2";
		};
		5A9E99702817DF2500834E0E /* WatchLandmarks WatchKit Extension */ = {
			isa = PBXNativeTarget;
			buildConfigurationList = 5A9E998A2817DF2600834E0E /* Build configuration list for PBXNativeTarget "WatchLandmarks WatchKit Extension" */;
			buildPhases = (
				5A9E996D2817DF2500834E0E /* Sources */,
				5A9E996E2817DF2500834E0E /* Frameworks */,
				5A9E996F2817DF2500834E0E /* Resources */,
				5AEA81E528185B74009055F4 /* Embed Frameworks */,
			);
			buildRules = (
			);
			dependencies = (
			);
			name = "WatchLandmarks WatchKit Extension";
			productName = "WatchLandmarks WatchKit Extension";
			productReference = 5A9E99712817DF2500834E0E /* WatchLandmarks WatchKit Extension.appex */;
			productType = "com.apple.product-type.watchkit2-extension";
		};
		5AEA817E28182C3D009055F4 /* MacLandmarks */ = {
			isa = PBXNativeTarget;
			buildConfigurationList = 5AEA818B28182C3E009055F4 /* Build configuration list for PBXNativeTarget "MacLandmarks" */;
			buildPhases = (
				5AEA817B28182C3D009055F4 /* Sources */,
				5AEA817C28182C3D009055F4 /* Frameworks */,
				5AEA817D28182C3D009055F4 /* Resources */,
				5AEA81DD28185AEF009055F4 /* Embed Frameworks */,
			);
			buildRules = (
			);
			dependencies = (
			);
			name = MacLandmarks;
			productName = MacLandmarks;
			productReference = 5AEA817F28182C3D009055F4 /* MacLandmarks.app */;
			productType = "com.apple.product-type.application";
		};
/* End PBXNativeTarget section */

/* Begin PBXProject section */
		5A1341E428129847003A1EEA /* Project object */ = {
			isa = PBXProject;
			attributes = {
				BuildIndependentTargetsInParallel = 1;
				LastSwiftUpdateCheck = 1330;
				LastUpgradeCheck = 1320;
				TargetAttributes = {
					5A1341EB28129847003A1EEA = {
						CreatedOnToolsVersion = 13.2.1;
					};
					5A9E99682817DF2400834E0E = {
						CreatedOnToolsVersion = 13.3.1;
					};
					5A9E99702817DF2500834E0E = {
						CreatedOnToolsVersion = 13.3.1;
					};
					5AEA817E28182C3D009055F4 = {
						CreatedOnToolsVersion = 13.3.1;
					};
				};
			};
			buildConfigurationList = 5A1341E728129847003A1EEA /* Build configuration list for PBXProject "Landmarks" */;
			compatibilityVersion = "Xcode 13.0";
			developmentRegion = en;
			hasScannedForEncodings = 0;
			knownRegions = (
				en,
				Base,
			);
			mainGroup = 5A1341E328129847003A1EEA;
			productRefGroup = 5A1341ED28129847003A1EEA /* Products */;
			projectDirPath = "";
			projectRoot = "";
			targets = (
				5A1341EB28129847003A1EEA /* Landmarks */,
				5A9E99682817DF2400834E0E /* WatchLandmarks */,
				5A9E99702817DF2500834E0E /* WatchLandmarks WatchKit Extension */,
				5AEA817E28182C3D009055F4 /* MacLandmarks */,
			);
		};
/* End PBXProject section */

/* Begin PBXResourcesBuildPhase section */
		5A1341EA28129847003A1EEA /* Resources */ = {
			isa = PBXResourcesBuildPhase;
			buildActionMask = 2147483647;
			files = (
				5A46B88E2815357D001C3E67 /* hikeData.json in Resources */,
				5A1341F728129848003A1EEA /* Preview Assets.xcassets in Resources */,
				5A1341F428129848003A1EEA /* Images.xcassets in Resources */,
				5A1342042812D4BD003A1EEA /* landmarkData.json in Resources */,
			);
			runOnlyForDeploymentPostprocessing = 0;
		};
		5A9E99672817DF2400834E0E /* Resources */ = {
			isa = PBXResourcesBuildPhase;
			buildActionMask = 2147483647;
			files = (
				5A9E996C2817DF2500834E0E /* Assets.xcassets in Resources */,
			);
			runOnlyForDeploymentPostprocessing = 0;
		};
		5A9E996F2817DF2500834E0E /* Resources */ = {
			isa = PBXResourcesBuildPhase;
			buildActionMask = 2147483647;
			files = (
				5A9E99842817DF2600834E0E /* Preview Assets.xcassets in Resources */,
				5A9E99952817E0D300834E0E /* Images.xcassets in Resources */,
				5A9E99812817DF2600834E0E /* Assets.xcassets in Resources */,
				5A9E99932817E0D300834E0E /* landmarkData.json in Resources */,
				5A9E999D2817E0D300834E0E /* hikeData.json in Resources */,
			);
			runOnlyForDeploymentPostprocessing = 0;
		};
		5AEA817D28182C3D009055F4 /* Resources */ = {
			isa = PBXResourcesBuildPhase;
			buildActionMask = 2147483647;
			files = (
				5AEA818928182C3E009055F4 /* Preview Assets.xcassets in Resources */,
				5AEA81BD28182E5A009055F4 /* Images.xcassets in Resources */,
				5AEA818628182C3E009055F4 /* Images.xcassets in Resources */,
				5AEA81BC28182E5A009055F4 /* landmarkData.json in Resources */,
				5AEA81BE28182E5A009055F4 /* hikeData.json in Resources */,
			);
			runOnlyForDeploymentPostprocessing = 0;
		};
/* End PBXResourcesBuildPhase section */

/* Begin PBXSourcesBuildPhase section */
		5A1341E828129847003A1EEA /* Sources */ = {
			isa = PBXSourcesBuildPhase;
			buildActionMask = 2147483647;
			files = (
				5A1341F228129847003A1EEA /* ContentView.swift in Sources */,
				5A46B88B2815294A001C3E67 /* Badge.swift in Sources */,
				5A9E995C2816963F00834E0E /* ProfileEditor.swift in Sources */,
				5A9E99582816893200834E0E /* ProfileSummary.swift in Sources */,
				5A1342022812C88C003A1EEA /* MapView.swift in Sources */,
				5A9E995328167D5500834E0E /* Profile.swift in Sources */,
				5AEA81C7281847E5009055F4 /* DeviceInfo.swift in Sources */,
				5A46B89628153610001C3E67 /* GraphCapsule.swift in Sources */,
				5A46B89828153610001C3E67 /* HikeGraph.swift in Sources */,
				5A9E9956281688D300834E0E /* ProfileHost.swift in Sources */,
				5A1341F028129847003A1EEA /* LandmarksApp.swift in Sources */,
				5A46B87E281471D0001C3E67 /* FavoriteButton.swift in Sources */,
				5A46B88228147A3D001C3E67 /* HexagonParameters.swift in Sources */,
				5A46B89028153599001C3E67 /* Hike.swift in Sources */,
				5A46B8892815236A001C3E67 /* RotatedBadgeSymbol.swift in Sources */,
				5A9E995F2816D3ED00834E0E /* PageViewController.swift in Sources */,
				5A46B8A328155D7F001C3E67 /* CategoryRow.swift in Sources */,
				5A46B886281522A8001C3E67 /* BadgeSymbol.swift in Sources */,
				5A13420D2812E8ED003A1EEA /* LandmarkList.swift in Sources */,
				5A9E99612816FC7700834E0E /* FeatureCard.swift in Sources */,
				5A9E99642816FD8600834E0E /* PageView.swift in Sources */,
				5A46B89728153610001C3E67 /* HikeDetail.swift in Sources */,
				5A46B89928153610001C3E67 /* HikeView.swift in Sources */,
				5A71F70F2812F23800DC2A5B /* LandmarkDetail.swift in Sources */,
				5A9E995A281689E800834E0E /* HikeBadge.swift in Sources */,
				5A46B8A528155F51001C3E67 /* CategoryItem.swift in Sources */,
				5A46B88428147AF8001C3E67 /* BadgeBackground.swift in Sources */,
				5A1341FE2812C5C3003A1EEA /* CircleImage.swift in Sources */,
				5A1342072812D4F6003A1EEA /* Landmark.swift in Sources */,
				5A13420B2812D634003A1EEA /* LandmarkRow.swift in Sources */,
				5A46B8A128155252001C3E67 /* CategoryHome.swift in Sources */,
				5A9E99662817D71700834E0E /* PageControl.swift in Sources */,
				5A1342092812D59D003A1EEA /* ModelData.swift in Sources */,
			);
			runOnlyForDeploymentPostprocessing = 0;
		};
		5A9E996D2817DF2500834E0E /* Sources */ = {
			isa = PBXSourcesBuildPhase;
			buildActionMask = 2147483647;
			files = (
				5AEA81C928184A30009055F4 /* DeviceInfo.swift in Sources */,
				5A9E99922817E0D300834E0E /* Hike.swift in Sources */,
				5A9E99972817E0D300834E0E /* Profile.swift in Sources */,
				5AEA81E628185B88009055F4 /* LandmarkList.swift in Sources */,
				5A9E997B2817DF2500834E0E /* NotificationController.swift in Sources */,
				5A9E999C2817E0D300834E0E /* ModelData.swift in Sources */,
				5A9E99792817DF2500834E0E /* ContentView.swift in Sources */,
				5A9E999A2817E0D300834E0E /* LandmarksApp.swift in Sources */,
				5A9E99A02817E19E00834E0E /* LandmarkDetail.swift in Sources */,
				5A9E99962817E0D300834E0E /* CircleImage.swift in Sources */,
				5A9E997F2817DF2500834E0E /* ComplicationController.swift in Sources */,
				5A9E997D2817DF2500834E0E /* NotificationView.swift in Sources */,
				5A9E99982817E0D300834E0E /* MapView.swift in Sources */,
				5A9E99992817E0D300834E0E /* LandmarkRow.swift in Sources */,
				5A9E99942817E0D300834E0E /* Landmark.swift in Sources */,
			);
			runOnlyForDeploymentPostprocessing = 0;
		};
		5AEA817B28182C3D009055F4 /* Sources */ = {
			isa = PBXSourcesBuildPhase;
			buildActionMask = 2147483647;
			files = (
				5AEA81BA28182E3F009055F4 /* Hike.swift in Sources */,
				5AEA81C828184A2A009055F4 /* DeviceInfo.swift in Sources */,
				5AEA81BB28182E3F009055F4 /* LandmarkList.swift in Sources */,
				5AEA81B728182E3F009055F4 /* Landmark.swift in Sources */,
				5AEA818428182C3D009055F4 /* ContentView.swift in Sources */,
				5AEA81C5281836D1009055F4 /* LandmarkDetail.swift in Sources */,
				5AEA81B528182E3F009055F4 /* Profile.swift in Sources */,
				5AEA81B828182E3F009055F4 /* FavoriteButton.swift in Sources */,
				5AEA81B228182E00009055F4 /* LandmarksApp.swift in Sources */,
				5AEA81B428182E3F009055F4 /* LandmarkRow.swift in Sources */,
				5AEA81B328182E3F009055F4 /* ModelData.swift in Sources */,
				5AEA81B928182E3F009055F4 /* MapView.swift in Sources */,
				5AEA81B628182E3F009055F4 /* CircleImage.swift in Sources */,
			);
			runOnlyForDeploymentPostprocessing = 0;
		};
/* End PBXSourcesBuildPhase section */

/* Begin PBXTargetDependency section */
		5A9E99742817DF2500834E0E /* PBXTargetDependency */ = {
			isa = PBXTargetDependency;
			target = 5A9E99702817DF2500834E0E /* WatchLandmarks WatchKit Extension */;
			targetProxy = 5A9E99732817DF2500834E0E /* PBXContainerItemProxy */;
		};
		5A9E99882817DF2600834E0E /* PBXTargetDependency */ = {
			isa = PBXTargetDependency;
			target = 5A9E99682817DF2400834E0E /* WatchLandmarks */;
			targetProxy = 5A9E99872817DF2600834E0E /* PBXContainerItemProxy */;
		};
/* End PBXTargetDependency section */

/* Begin XCBuildConfiguration section */
		5A1341F828129848003A1EEA /* Debug */ = {
			isa = XCBuildConfiguration;
			buildSettings = {
				ALWAYS_SEARCH_USER_PATHS = NO;
				CLANG_ANALYZER_NONNULL = YES;
				CLANG_ANALYZER_NUMBER_OBJECT_CONVERSION = YES_AGGRESSIVE;
				CLANG_CXX_LANGUAGE_STANDARD = "gnu++17";
				CLANG_CXX_LIBRARY = "libc++";
				CLANG_ENABLE_MODULES = YES;
				CLANG_ENABLE_OBJC_ARC = YES;
				CLANG_ENABLE_OBJC_WEAK = YES;
				CLANG_WARN_BLOCK_CAPTURE_AUTORELEASING = YES;
				CLANG_WARN_BOOL_CONVERSION = YES;
				CLANG_WARN_COMMA = YES;
				CLANG_WARN_CONSTANT_CONVERSION = YES;
				CLANG_WARN_DEPRECATED_OBJC_IMPLEMENTATIONS = YES;
				CLANG_WARN_DIRECT_OBJC_ISA_USAGE = YES_ERROR;
				CLANG_WARN_DOCUMENTATION_COMMENTS = YES;
				CLANG_WARN_EMPTY_BODY = YES;
				CLANG_WARN_ENUM_CONVERSION = YES;
				CLANG_WARN_INFINITE_RECURSION = YES;
				CLANG_WARN_INT_CONVERSION = YES;
				CLANG_WARN_NON_LITERAL_NULL_CONVERSION = YES;
				CLANG_WARN_OBJC_IMPLICIT_RETAIN_SELF = YES;
				CLANG_WARN_OBJC_LITERAL_CONVERSION = YES;
				CLANG_WARN_OBJC_ROOT_CLASS = YES_ERROR;
				CLANG_WARN_QUOTED_INCLUDE_IN_FRAMEWORK_HEADER = YES;
				CLANG_WARN_RANGE_LOOP_ANALYSIS = YES;
				CLANG_WARN_STRICT_PROTOTYPES = YES;
				CLANG_WARN_SUSPICIOUS_MOVE = YES;
				CLANG_WARN_UNGUARDED_AVAILABILITY = YES_AGGRESSIVE;
				CLANG_WARN_UNREACHABLE_CODE = YES;
				CLANG_WARN__DUPLICATE_METHOD_MATCH = YES;
				COPY_PHASE_STRIP = NO;
				DEBUG_INFORMATION_FORMAT = dwarf;
				ENABLE_STRICT_OBJC_MSGSEND = YES;
				ENABLE_TESTABILITY = YES;
				GCC_C_LANGUAGE_STANDARD = gnu11;
				GCC_DYNAMIC_NO_PIC = NO;
				GCC_NO_COMMON_BLOCKS = YES;
				GCC_OPTIMIZATION_LEVEL = 0;
				GCC_PREPROCESSOR_DEFINITIONS = (
					"DEBUG=1",
					"$(inherited)",
				);
				GCC_WARN_64_TO_32_BIT_CONVERSION = YES;
				GCC_WARN_ABOUT_RETURN_TYPE = YES_ERROR;
				GCC_WARN_UNDECLARED_SELECTOR = YES;
				GCC_WARN_UNINITIALIZED_AUTOS = YES_AGGRESSIVE;
				GCC_WARN_UNUSED_FUNCTION = YES;
				GCC_WARN_UNUSED_VARIABLE = YES;
				IPHONEOS_DEPLOYMENT_TARGET = 15.2;
				LD_RUNPATH_SEARCH_PATHS = "";
				MTL_ENABLE_DEBUG_INFO = INCLUDE_SOURCE;
				MTL_FAST_MATH = YES;
				ONLY_ACTIVE_ARCH = YES;
				SDKROOT = iphoneos;
				SWIFT_ACTIVE_COMPILATION_CONDITIONS = DEBUG;
				SWIFT_OPTIMIZATION_LEVEL = "-Onone";
			};
			name = Debug;
		};
		5A1341F928129848003A1EEA /* Release */ = {
			isa = XCBuildConfiguration;
			buildSettings = {
				ALWAYS_SEARCH_USER_PATHS = NO;
				CLANG_ANALYZER_NONNULL = YES;
				CLANG_ANALYZER_NUMBER_OBJECT_CONVERSION = YES_AGGRESSIVE;
				CLANG_CXX_LANGUAGE_STANDARD = "gnu++17";
				CLANG_CXX_LIBRARY = "libc++";
				CLANG_ENABLE_MODULES = YES;
				CLANG_ENABLE_OBJC_ARC = YES;
				CLANG_ENABLE_OBJC_WEAK = YES;
				CLANG_WARN_BLOCK_CAPTURE_AUTORELEASING = YES;
				CLANG_WARN_BOOL_CONVERSION = YES;
				CLANG_WARN_COMMA = YES;
				CLANG_WARN_CONSTANT_CONVERSION = YES;
				CLANG_WARN_DEPRECATED_OBJC_IMPLEMENTATIONS = YES;
				CLANG_WARN_DIRECT_OBJC_ISA_USAGE = YES_ERROR;
				CLANG_WARN_DOCUMENTATION_COMMENTS = YES;
				CLANG_WARN_EMPTY_BODY = YES;
				CLANG_WARN_ENUM_CONVERSION = YES;
				CLANG_WARN_INFINITE_RECURSION = YES;
				CLANG_WARN_INT_CONVERSION = YES;
				CLANG_WARN_NON_LITERAL_NULL_CONVERSION = YES;
				CLANG_WARN_OBJC_IMPLICIT_RETAIN_SELF = YES;
				CLANG_WARN_OBJC_LITERAL_CONVERSION = YES;
				CLANG_WARN_OBJC_ROOT_CLASS = YES_ERROR;
				CLANG_WARN_QUOTED_INCLUDE_IN_FRAMEWORK_HEADER = YES;
				CLANG_WARN_RANGE_LOOP_ANALYSIS = YES;
				CLANG_WARN_STRICT_PROTOTYPES = YES;
				CLANG_WARN_SUSPICIOUS_MOVE = YES;
				CLANG_WARN_UNGUARDED_AVAILABILITY = YES_AGGRESSIVE;
				CLANG_WARN_UNREACHABLE_CODE = YES;
				CLANG_WARN__DUPLICATE_METHOD_MATCH = YES;
				COPY_PHASE_STRIP = NO;
				DEBUG_INFORMATION_FORMAT = "dwarf-with-dsym";
				ENABLE_NS_ASSERTIONS = NO;
				ENABLE_STRICT_OBJC_MSGSEND = YES;
				GCC_C_LANGUAGE_STANDARD = gnu11;
				GCC_NO_COMMON_BLOCKS = YES;
				GCC_WARN_64_TO_32_BIT_CONVERSION = YES;
				GCC_WARN_ABOUT_RETURN_TYPE = YES_ERROR;
				GCC_WARN_UNDECLARED_SELECTOR = YES;
				GCC_WARN_UNINITIALIZED_AUTOS = YES_AGGRESSIVE;
				GCC_WARN_UNUSED_FUNCTION = YES;
				GCC_WARN_UNUSED_VARIABLE = YES;
				IPHONEOS_DEPLOYMENT_TARGET = 15.2;
				LD_RUNPATH_SEARCH_PATHS = "";
				MTL_ENABLE_DEBUG_INFO = NO;
				MTL_FAST_MATH = YES;
				SDKROOT = iphoneos;
				SWIFT_COMPILATION_MODE = wholemodule;
				SWIFT_OPTIMIZATION_LEVEL = "-O";
				VALIDATE_PRODUCT = YES;
			};
			name = Release;
		};
		5A1341FB28129848003A1EEA /* Debug */ = {
			isa = XCBuildConfiguration;
			buildSettings = {
				ASSETCATALOG_COMPILER_APPICON_NAME = AppIcon;
				ASSETCATALOG_COMPILER_GLOBAL_ACCENT_COLOR_NAME = AccentColor;
				CODE_SIGN_STYLE = Automatic;
				CURRENT_PROJECT_VERSION = 1;
				DEVELOPMENT_ASSET_PATHS = "\"Landmarks/Preview Content\"";
				DEVELOPMENT_TEAM = QN4ZAR6A43;
				ENABLE_PREVIEWS = YES;
				GENERATE_INFOPLIST_FILE = YES;
				INFOPLIST_KEY_UIApplicationSceneManifest_Generation = YES;
				INFOPLIST_KEY_UIApplicationSupportsIndirectInputEvents = YES;
				INFOPLIST_KEY_UILaunchScreen_Generation = YES;
				INFOPLIST_KEY_UISupportedInterfaceOrientations_iPad = "UIInterfaceOrientationPortrait UIInterfaceOrientationPortraitUpsideDown UIInterfaceOrientationLandscapeLeft UIInterfaceOrientationLandscapeRight";
				INFOPLIST_KEY_UISupportedInterfaceOrientations_iPhone = "UIInterfaceOrientationPortrait UIInterfaceOrientationLandscapeLeft UIInterfaceOrientationLandscapeRight";
				LD_RUNPATH_SEARCH_PATHS = (
					"$(inherited)",
					"@executable_path/Frameworks",
				);
				MARKETING_VERSION = 1.0;
				PRODUCT_BUNDLE_IDENTIFIER = "iosdeveloper-232362.Landmarks";
				PRODUCT_NAME = "$(TARGET_NAME)";
				SWIFT_EMIT_LOC_STRINGS = YES;
				SWIFT_VERSION = 5.0;
				TARGETED_DEVICE_FAMILY = "1,2";
			};
			name = Debug;
		};
		5A1341FC28129848003A1EEA /* Release */ = {
			isa = XCBuildConfiguration;
			buildSettings = {
				ASSETCATALOG_COMPILER_APPICON_NAME = AppIcon;
				ASSETCATALOG_COMPILER_GLOBAL_ACCENT_COLOR_NAME = AccentColor;
				CODE_SIGN_STYLE = Automatic;
				CURRENT_PROJECT_VERSION = 1;
				DEVELOPMENT_ASSET_PATHS = "\"Landmarks/Preview Content\"";
				DEVELOPMENT_TEAM = QN4ZAR6A43;
				ENABLE_PREVIEWS = YES;
				GENERATE_INFOPLIST_FILE = YES;
				INFOPLIST_KEY_UIApplicationSceneManifest_Generation = YES;
				INFOPLIST_KEY_UIApplicationSupportsIndirectInputEvents = YES;
				INFOPLIST_KEY_UILaunchScreen_Generation = YES;
				INFOPLIST_KEY_UISupportedInterfaceOrientations_iPad = "UIInterfaceOrientationPortrait UIInterfaceOrientationPortraitUpsideDown UIInterfaceOrientationLandscapeLeft UIInterfaceOrientationLandscapeRight";
				INFOPLIST_KEY_UISupportedInterfaceOrientations_iPhone = "UIInterfaceOrientationPortrait UIInterfaceOrientationLandscapeLeft UIInterfaceOrientationLandscapeRight";
				LD_RUNPATH_SEARCH_PATHS = (
					"$(inherited)",
					"@executable_path/Frameworks",
				);
				MARKETING_VERSION = 1.0;
				PRODUCT_BUNDLE_IDENTIFIER = "iosdeveloper-232362.Landmarks";
				PRODUCT_NAME = "$(TARGET_NAME)";
				SWIFT_EMIT_LOC_STRINGS = YES;
				SWIFT_VERSION = 5.0;
				TARGETED_DEVICE_FAMILY = "1,2";
			};
			name = Release;
		};
		5A9E998B2817DF2600834E0E /* Debug */ = {
			isa = XCBuildConfiguration;
			buildSettings = {
				ASSETCATALOG_COMPILER_COMPLICATION_NAME = Complication;
				CODE_SIGN_STYLE = Automatic;
				CURRENT_PROJECT_VERSION = 1;
				DEVELOPMENT_ASSET_PATHS = "\"WatchLandmarks WatchKit Extension/Preview Content\"";
				DEVELOPMENT_TEAM = QN4ZAR6A43;
				ENABLE_PREVIEWS = YES;
				FRAMEWORK_SEARCH_PATHS = "";
				GENERATE_INFOPLIST_FILE = YES;
				INFOPLIST_FILE = "WatchLandmarks WatchKit Extension/Info.plist";
				INFOPLIST_KEY_CFBundleDisplayName = "WatchLandmarks WatchKit Extension";
				INFOPLIST_KEY_CLKComplicationPrincipalClass = WatchLandmarks_WatchKit_Extension.ComplicationController;
				INFOPLIST_KEY_NSHumanReadableCopyright = "";
				INFOPLIST_KEY_WKRunsIndependentlyOfCompanionApp = YES;
				LD_RUNPATH_SEARCH_PATHS = (
					"$(inherited)",
					"@executable_path/Frameworks",
					"@executable_path/../../Frameworks",
				);
				MARKETING_VERSION = 1.0;
				PRODUCT_BUNDLE_IDENTIFIER = "iosdeveloper-232362.Landmarks.watchkitapp.watchkitextension";
				PRODUCT_NAME = "${TARGET_NAME}";
				SDKROOT = watchos;
				SKIP_INSTALL = YES;
				SWIFT_EMIT_LOC_STRINGS = YES;
				SWIFT_VERSION = 5.0;
				TARGETED_DEVICE_FAMILY = 4;
				WATCHOS_DEPLOYMENT_TARGET = 8.5;
			};
			name = Debug;
		};
		5A9E998C2817DF2600834E0E /* Release */ = {
			isa = XCBuildConfiguration;
			buildSettings = {
				ASSETCATALOG_COMPILER_COMPLICATION_NAME = Complication;
				CODE_SIGN_STYLE = Automatic;
				CURRENT_PROJECT_VERSION = 1;
				DEVELOPMENT_ASSET_PATHS = "\"WatchLandmarks WatchKit Extension/Preview Content\"";
				DEVELOPMENT_TEAM = QN4ZAR6A43;
				ENABLE_PREVIEWS = YES;
				FRAMEWORK_SEARCH_PATHS = "";
				GENERATE_INFOPLIST_FILE = YES;
				INFOPLIST_FILE = "WatchLandmarks WatchKit Extension/Info.plist";
				INFOPLIST_KEY_CFBundleDisplayName = "WatchLandmarks WatchKit Extension";
				INFOPLIST_KEY_CLKComplicationPrincipalClass = WatchLandmarks_WatchKit_Extension.ComplicationController;
				INFOPLIST_KEY_NSHumanReadableCopyright = "";
				INFOPLIST_KEY_WKRunsIndependentlyOfCompanionApp = YES;
				LD_RUNPATH_SEARCH_PATHS = (
					"$(inherited)",
					"@executable_path/Frameworks",
					"@executable_path/../../Frameworks",
				);
				MARKETING_VERSION = 1.0;
				PRODUCT_BUNDLE_IDENTIFIER = "iosdeveloper-232362.Landmarks.watchkitapp.watchkitextension";
				PRODUCT_NAME = "${TARGET_NAME}";
				SDKROOT = watchos;
				SKIP_INSTALL = YES;
				SWIFT_EMIT_LOC_STRINGS = YES;
				SWIFT_VERSION = 5.0;
				TARGETED_DEVICE_FAMILY = 4;
				WATCHOS_DEPLOYMENT_TARGET = 8.5;
			};
			name = Release;
		};
		5A9E998F2817DF2600834E0E /* Debug */ = {
			isa = XCBuildConfiguration;
			buildSettings = {
				ALWAYS_EMBED_SWIFT_STANDARD_LIBRARIES = YES;
				ASSETCATALOG_COMPILER_APPICON_NAME = AppIcon;
				ASSETCATALOG_COMPILER_GLOBAL_ACCENT_COLOR_NAME = AccentColor;
				CODE_SIGN_STYLE = Automatic;
				CURRENT_PROJECT_VERSION = 1;
				DEVELOPMENT_TEAM = QN4ZAR6A43;
				GENERATE_INFOPLIST_FILE = YES;
				IBSC_MODULE = WatchLandmarks_WatchKit_Extension;
				INFOPLIST_KEY_CFBundleDisplayName = WatchLandmarks;
				INFOPLIST_KEY_UISupportedInterfaceOrientations = "UIInterfaceOrientationPortrait UIInterfaceOrientationPortraitUpsideDown";
				INFOPLIST_KEY_WKCompanionAppBundleIdentifier = "iosdeveloper-232362.Landmarks";
				LD_RUNPATH_SEARCH_PATHS = (
					"$(inherited)",
					"@executable_path/Frameworks",
				);
				MARKETING_VERSION = 1.0;
				PRODUCT_BUNDLE_IDENTIFIER = "iosdeveloper-232362.Landmarks.watchkitapp";
				PRODUCT_NAME = "$(TARGET_NAME)";
				SDKROOT = watchos;
				SKIP_INSTALL = YES;
				SWIFT_EMIT_LOC_STRINGS = YES;
				SWIFT_VERSION = 5.0;
				TARGETED_DEVICE_FAMILY = 4;
				WATCHOS_DEPLOYMENT_TARGET = 8.5;
			};
			name = Debug;
		};
		5A9E99902817DF2600834E0E /* Release */ = {
			isa = XCBuildConfiguration;
			buildSettings = {
				ALWAYS_EMBED_SWIFT_STANDARD_LIBRARIES = YES;
				ASSETCATALOG_COMPILER_APPICON_NAME = AppIcon;
				ASSETCATALOG_COMPILER_GLOBAL_ACCENT_COLOR_NAME = AccentColor;
				CODE_SIGN_STYLE = Automatic;
				CURRENT_PROJECT_VERSION = 1;
				DEVELOPMENT_TEAM = QN4ZAR6A43;
				GENERATE_INFOPLIST_FILE = YES;
				IBSC_MODULE = WatchLandmarks_WatchKit_Extension;
				INFOPLIST_KEY_CFBundleDisplayName = WatchLandmarks;
				INFOPLIST_KEY_UISupportedInterfaceOrientations = "UIInterfaceOrientationPortrait UIInterfaceOrientationPortraitUpsideDown";
				INFOPLIST_KEY_WKCompanionAppBundleIdentifier = "iosdeveloper-232362.Landmarks";
				LD_RUNPATH_SEARCH_PATHS = (
					"$(inherited)",
					"@executable_path/Frameworks",
				);
				MARKETING_VERSION = 1.0;
				PRODUCT_BUNDLE_IDENTIFIER = "iosdeveloper-232362.Landmarks.watchkitapp";
				PRODUCT_NAME = "$(TARGET_NAME)";
				SDKROOT = watchos;
				SKIP_INSTALL = YES;
				SWIFT_EMIT_LOC_STRINGS = YES;
				SWIFT_VERSION = 5.0;
				TARGETED_DEVICE_FAMILY = 4;
				WATCHOS_DEPLOYMENT_TARGET = 8.5;
			};
			name = Release;
		};
		5AEA818C28182C3E009055F4 /* Debug */ = {
			isa = XCBuildConfiguration;
			buildSettings = {
				ASSETCATALOG_COMPILER_APPICON_NAME = AppIcon;
				ASSETCATALOG_COMPILER_GLOBAL_ACCENT_COLOR_NAME = AccentColor;
				CODE_SIGN_ENTITLEMENTS = MacLandmarks/MacLandmarks.entitlements;
				CODE_SIGN_STYLE = Automatic;
				COMBINE_HIDPI_IMAGES = YES;
				CURRENT_PROJECT_VERSION = 1;
				DEVELOPMENT_ASSET_PATHS = "\"MacLandmarks/Preview Content\"";
				DEVELOPMENT_TEAM = QN4ZAR6A43;
				ENABLE_HARDENED_RUNTIME = YES;
				ENABLE_PREVIEWS = YES;
				GENERATE_INFOPLIST_FILE = YES;
				INFOPLIST_KEY_NSHumanReadableCopyright = "";
				LD_RUNPATH_SEARCH_PATHS = (
					"$(inherited)",
					"@executable_path/../Frameworks",
				);
				MACOSX_DEPLOYMENT_TARGET = 12.3;
				MARKETING_VERSION = 1.0;
				PRODUCT_BUNDLE_IDENTIFIER = "iosdeveloper-232362.MacLandmarks";
				PRODUCT_NAME = "$(TARGET_NAME)";
				SDKROOT = macosx;
				SWIFT_EMIT_LOC_STRINGS = YES;
				SWIFT_VERSION = 5.0;
			};
			name = Debug;
		};
		5AEA818D28182C3E009055F4 /* Release */ = {
			isa = XCBuildConfiguration;
			buildSettings = {
				ASSETCATALOG_COMPILER_APPICON_NAME = AppIcon;
				ASSETCATALOG_COMPILER_GLOBAL_ACCENT_COLOR_NAME = AccentColor;
				CODE_SIGN_ENTITLEMENTS = MacLandmarks/MacLandmarks.entitlements;
				CODE_SIGN_STYLE = Automatic;
				COMBINE_HIDPI_IMAGES = YES;
				CURRENT_PROJECT_VERSION = 1;
				DEVELOPMENT_ASSET_PATHS = "\"MacLandmarks/Preview Content\"";
				DEVELOPMENT_TEAM = QN4ZAR6A43;
				ENABLE_HARDENED_RUNTIME = YES;
				ENABLE_PREVIEWS = YES;
				GENERATE_INFOPLIST_FILE = YES;
				INFOPLIST_KEY_NSHumanReadableCopyright = "";
				LD_RUNPATH_SEARCH_PATHS = (
					"$(inherited)",
					"@executable_path/../Frameworks",
				);
				MACOSX_DEPLOYMENT_TARGET = 12.3;
				MARKETING_VERSION = 1.0;
				PRODUCT_BUNDLE_IDENTIFIER = "iosdeveloper-232362.MacLandmarks";
				PRODUCT_NAME = "$(TARGET_NAME)";
				SDKROOT = macosx;
				SWIFT_EMIT_LOC_STRINGS = YES;
				SWIFT_VERSION = 5.0;
			};
			name = Release;
		};
/* End XCBuildConfiguration section */

/* Begin XCConfigurationList section */
		5A1341E728129847003A1EEA /* Build configuration list for PBXProject "Landmarks" */ = {
			isa = XCConfigurationList;
			buildConfigurations = (
				5A1341F828129848003A1EEA /* Debug */,
				5A1341F928129848003A1EEA /* Release */,
			);
			defaultConfigurationIsVisible = 0;
			defaultConfigurationName = Release;
		};
		5A1341FA28129848003A1EEA /* Build configuration list for PBXNativeTarget "Landmarks" */ = {
			isa = XCConfigurationList;
			buildConfigurations = (
				5A1341FB28129848003A1EEA /* Debug */,
				5A1341FC28129848003A1EEA /* Release */,
			);
			defaultConfigurationIsVisible = 0;
			defaultConfigurationName = Release;
		};
		5A9E998A2817DF2600834E0E /* Build configuration list for PBXNativeTarget "WatchLandmarks WatchKit Extension" */ = {
			isa = XCConfigurationList;
			buildConfigurations = (
				5A9E998B2817DF2600834E0E /* Debug */,
				5A9E998C2817DF2600834E0E /* Release */,
			);
			defaultConfigurationIsVisible = 0;
			defaultConfigurationName = Release;
		};
		5A9E998E2817DF2600834E0E /* Build configuration list for PBXNativeTarget "WatchLandmarks" */ = {
			isa = XCConfigurationList;
			buildConfigurations = (
				5A9E998F2817DF2600834E0E /* Debug */,
				5A9E99902817DF2600834E0E /* Release */,
			);
			defaultConfigurationIsVisible = 0;
			defaultConfigurationName = Release;
		};
		5AEA818B28182C3E009055F4 /* Build configuration list for PBXNativeTarget "MacLandmarks" */ = {
			isa = XCConfigurationList;
			buildConfigurations = (
				5AEA818C28182C3E009055F4 /* Debug */,
				5AEA818D28182C3E009055F4 /* Release */,
			);
			defaultConfigurationIsVisible = 0;
			defaultConfigurationName = Release;
		};
/* End XCConfigurationList section */
	};
	rootObject = 5A1341E428129847003A1EEA /* Project object */;
}
